
Microsoft Visual Studio Solution File, Format Version 12.00
Project("{FAE04EC0-301F-11D3-BF4B-00C04F79EFBC}") = "VaccineAvailability.ConsoleApp", "VaccineAvailability.ConsoleApp\VaccineAvailability.ConsoleApp.csproj", "{EEB79BE6-6A08-4CA0-8909-2B416DA5998C}"
EndProject
Project("{FAE04EC0-301F-11D3-BF4B-00C04F79EFBC}") = "VaccineAvailability.TelematikClient", "VaccineAvailability.TelematikClient\VaccineAvailability.TelematikClient.csproj", "{25E3F096-FEA3-40DF-A439-1F3C685F4470}"
EndProject
Project("{FAE04EC0-301F-11D3-BF4B-00C04F79EFBC}") = "VaccineAvailability.BaseClient", "VaccineAvailability.BaseClient\VaccineAvailability.BaseClient.csproj", "{93840B22-7054-4D2D-B9A3-7BE3233EE4D4}"
EndProject
Project("{FAE04EC0-301F-11D3-BF4B-00C04F79EFBC}") = "VaccineAvailability.Polling", "VaccineAvailability.Polling\VaccineAvailability.Polling.csproj", "{463CA76A-AE9F-4102-8659-C0344E87BDDB}"
EndProject
Global
	GlobalSection(SolutionConfigurationPlatforms) = preSolution
		Debug|Any CPU = Debug|Any CPU
		Release|Any CPU = Release|Any CPU
	EndGlobalSection
	GlobalSection(ProjectConfigurationPlatforms) = postSolution
		{EEB79BE6-6A08-4CA0-8909-2B416DA5998C}.Debug|Any CPU.ActiveCfg = Debug|Any CPU
		{EEB79BE6-6A08-4CA0-8909-2B416DA5998C}.Debug|Any CPU.Build.0 = Debug|Any CPU
		{EEB79BE6-6A08-4CA0-8909-2B416DA5998C}.Release|Any CPU.ActiveCfg = Release|Any CPU
		{EEB79BE6-6A08-4CA0-8909-2B416DA5998C}.Release|Any CPU.Build.0 = Release|Any CPU
		{25E3F096-FEA3-40DF-A439-1F3C685F4470}.Debug|Any CPU.ActiveCfg = Debug|Any CPU
		{25E3F096-FEA3-40DF-A439-1F3C685F4470}.Debug|Any CPU.Build.0 = Debug|Any CPU
		{25E3F096-FEA3-40DF-A439-1F3C685F4470}.Release|Any CPU.ActiveCfg = Release|Any CPU
		{25E3F096-FEA3-40DF-A439-1F3C685F4470}.Release|Any CPU.Build.0 = Release|Any CPU
		{93840B22-7054-4D2D-B9A3-7BE3233EE4D4}.Debug|Any CPU.ActiveCfg = Debug|Any CPU
		{93840B22-7054-4D2D-B9A3-7BE3233EE4D4}.Debug|Any CPU.Build.0 = Debug|Any CPU
		{93840B22-7054-4D2D-B9A3-7BE3233EE4D4}.Release|Any CPU.ActiveCfg = Release|Any CPU
		{93840B22-7054-4D2D-B9A3-7BE3233EE4D4}.Release|Any CPU.Build.0 = Release|Any CPU
		{463CA76A-AE9F-4102-8659-C0344E87BDDB}.Debug|Any CPU.ActiveCfg = Debug|Any CPU
		{463CA76A-AE9F-4102-8659-C0344E87BDDB}.Debug|Any CPU.Build.0 = Debug|Any CPU
		{463CA76A-AE9F-4102-8659-C0344E87BDDB}.Release|Any CPU.ActiveCfg = Release|Any CPU
		{463CA76A-AE9F-4102-8659-C0344E87BDDB}.Release|Any CPU.Build.0 = Release|Any CPU
	EndGlobalSection
EndGlobal
